
Microsoft Visual Studio Solution File, Format Version 12.00
# Visual Studio Version 16
VisualStudioVersion = 16.0.31105.61
MinimumVisualStudioVersion = 10.0.40219.1
Project("{9A19103F-16F7-4668-BE54-9A1E7A4F7556}") = "NetflixReviewsApp.api", "NetflixReviewsApp.api\NetflixReviewsApp.api.csproj", "{A45CBA25-9B09-4103-9070-BDC47DE4D814}"
EndProject
Project("{FAE04EC0-301F-11D3-BF4B-00C04F79EFBC}") = "NetflixReviewsApp.core", "NetflixReviewsApp.core\NetflixReviewsApp.core.csproj", "{CD7943C2-6093-4153-8867-C29D2B776917}"
EndProject
Project("{FAE04EC0-301F-11D3-BF4B-00C04F79EFBC}") = "NetflixReviewsApp.data", "NetflixReviewsApp.data\NetflixReviewsApp.data.csproj", "{657B48A1-0ACE-4B9E-8DE7-C9DF3C3F36EE}"
EndProject
Global
	GlobalSection(SolutionConfigurationPlatforms) = preSolution
		Debug|Any CPU = Debug|Any CPU
		Release|Any CPU = Release|Any CPU
	EndGlobalSection
	GlobalSection(ProjectConfigurationPlatforms) = postSolution
		{A45CBA25-9B09-4103-9070-BDC47DE4D814}.Debug|Any CPU.ActiveCfg = Debug|Any CPU
		{A45CBA25-9B09-4103-9070-BDC47DE4D814}.Debug|Any CPU.Build.0 = Debug|Any CPU
		{A45CBA25-9B09-4103-9070-BDC47DE4D814}.Release|Any CPU.ActiveCfg = Release|Any CPU
		{A45CBA25-9B09-4103-9070-BDC47DE4D814}.Release|Any CPU.Build.0 = Release|Any CPU
		{CD7943C2-6093-4153-8867-C29D2B776917}.Debug|Any CPU.ActiveCfg = Debug|Any CPU
		{CD7943C2-6093-4153-8867-C29D2B776917}.Debug|Any CPU.Build.0 = Debug|Any CPU
		{CD7943C2-6093-4153-8867-C29D2B776917}.Release|Any CPU.ActiveCfg = Release|Any CPU
		{CD7943C2-6093-4153-8867-C29D2B776917}.Release|Any CPU.Build.0 = Release|Any CPU
		{657B48A1-0ACE-4B9E-8DE7-C9DF3C3F36EE}.Debug|Any CPU.ActiveCfg = Debug|Any CPU
		{657B48A1-0ACE-4B9E-8DE7-C9DF3C3F36EE}.Debug|Any CPU.Build.0 = Debug|Any CPU
		{657B48A1-0ACE-4B9E-8DE7-C9DF3C3F36EE}.Release|Any CPU.ActiveCfg = Release|Any CPU
		{657B48A1-0ACE-4B9E-8DE7-C9DF3C3F36EE}.Release|Any CPU.Build.0 = Release|Any CPU
	EndGlobalSection
	GlobalSection(SolutionProperties) = preSolution
		HideSolutionNode = FALSE
	EndGlobalSection
	GlobalSection(ExtensibilityGlobals) = postSolution
		SolutionGuid = {B56E86BF-A702-4B40-BB93-0B7F3E554AF7}
	EndGlobalSection
EndGlobal
